<?xml version="1.0" encoding="utf-8"?>
<Project ToolsVersion="4.0" xmlns="http://schemas.microsoft.com/developer/msbuild/2003">
  <ItemGroup>
    <Filter Include="源文件">
      <UniqueIdentifier>{4FC737F1-C7A5-4376-A066-2A32D752A2FF}</UniqueIdentifier>
      <Extensions>cpp;c;cc;cxx;c++;cppm;ixx;def;odl;idl;hpj;bat;asm;asmx</Extensions>
    </Filter>
    <Filter Include="头文件">
      <UniqueIdentifier>{93995380-89BD-4b04-88EB-625FBE52EBFB}</UniqueIdentifier>
      <Extensions>h;hh;hpp;hxx;h++;hm;inl;inc;ipp;xsd</Extensions>
    </Filter>
    <Filter Include="资源文件">
      <UniqueIdentifier>{67DA6AB6-F800-4c08-8B7A-83BB121AAD01}</UniqueIdentifier>
      <Extensions>rc;ico;cur;bmp;dlg;rc2;rct;bin;rgs;gif;jpg;jpeg;jpe;resx;tiff;tif;png;wav;mfcribbon-ms</Extensions>
    </Filter>
  </ItemGroup>
  <ItemGroup>
    <ClCompile Include="bag\BagMgr.cpp">
      <Filter>源文件</Filter>
    </ClCompile>
    <ClCompile Include="codec\Codec.cpp">
      <Filter>源文件</Filter>
    </ClCompile>
    <ClCompile Include="db\DbStorage.cpp">
      <Filter>源文件</Filter>
    </ClCompile>
    <ClCompile Include="log\Log.cpp">
      <Filter>源文件</Filter>
    </ClCompile>
    <ClCompile Include="msgHandle\msgHandle.cpp">
      <Filter>源文件</Filter>
    </ClCompile>
    <ClCompile Include="net\Buffer.cpp">
      <Filter>源文件</Filter>
    </ClCompile>
    <ClCompile Include="net\Channel.cpp">
      <Filter>源文件</Filter>
    </ClCompile>
    <ClCompile Include="net\EventLoop.cpp">
      <Filter>源文件</Filter>
    </ClCompile>
    <ClCompile Include="net\Monitor.cpp">
      <Filter>源文件</Filter>
    </ClCompile>
    <ClCompile Include="net\TcpConnecter.cpp">
      <Filter>源文件</Filter>
    </ClCompile>
    <ClCompile Include="net\TcpServer.cpp">
      <Filter>源文件</Filter>
    </ClCompile>
    <ClCompile Include="player\Player.cpp">
      <Filter>源文件</Filter>
    </ClCompile>
    <ClCompile Include="player\PlayerMgr.cpp">
      <Filter>源文件</Filter>
    </ClCompile>
    <ClCompile Include="script\Script.cpp">
      <Filter>源文件</Filter>
    </ClCompile>
    <ClCompile Include="main.cpp">
      <Filter>源文件</Filter>
    </ClCompile>
    <ClCompile Include="MainThread.cpp">
      <Filter>源文件</Filter>
    </ClCompile>
    <ClCompile Include="pb\Person.pb.cc">
      <Filter>源文件</Filter>
    </ClCompile>
    <ClCompile Include="pb\PlayerDb.pb.cc">
      <Filter>源文件</Filter>
    </ClCompile>
    <ClCompile Include="json\json.cpp">
      <Filter>源文件</Filter>
    </ClCompile>
  </ItemGroup>
  <ItemGroup>
    <ClInclude Include="bag\BagMgr.h">
      <Filter>头文件</Filter>
    </ClInclude>
    <ClInclude Include="codec\Codec.h">
      <Filter>头文件</Filter>
    </ClInclude>
    <ClInclude Include="db\DbStorage.h">
      <Filter>头文件</Filter>
    </ClInclude>
    <ClInclude Include="log\Log.h">
      <Filter>头文件</Filter>
    </ClInclude>
    <ClInclude Include="msgHandle\msgHandle.h">
      <Filter>头文件</Filter>
    </ClInclude>
    <ClInclude Include="net\Buffer.h">
      <Filter>头文件</Filter>
    </ClInclude>
    <ClInclude Include="net\Channel.h">
      <Filter>头文件</Filter>
    </ClInclude>
    <ClInclude Include="net\Data.h">
      <Filter>头文件</Filter>
    </ClInclude>
    <ClInclude Include="net\EventLoop.h">
      <Filter>头文件</Filter>
    </ClInclude>
    <ClInclude Include="net\Nettools.h">
      <Filter>头文件</Filter>
    </ClInclude>
    <ClInclude Include="net\Monitor.h">
      <Filter>头文件</Filter>
    </ClInclude>
    <ClInclude Include="net\TcpConnecter.h">
      <Filter>头文件</Filter>
    </ClInclude>
    <ClInclude Include="net\TcpServer.h">
      <Filter>头文件</Filter>
    </ClInclude>
    <ClInclude Include="player\Player.h">
      <Filter>头文件</Filter>
    </ClInclude>
    <ClInclude Include="player\PlayerMgr.h">
      <Filter>头文件</Filter>
    </ClInclude>
    <ClInclude Include="public\Lua.hpp">
      <Filter>头文件</Filter>
    </ClInclude>
    <ClInclude Include="public\Singleton.h">
      <Filter>头文件</Filter>
    </ClInclude>
    <ClInclude Include="script\Script.h">
      <Filter>头文件</Filter>
    </ClInclude>
    <ClInclude Include="MainThread.h">
      <Filter>头文件</Filter>
    </ClInclude>
    <ClInclude Include="pb\Person.pb.h">
      <Filter>头文件</Filter>
    </ClInclude>
    <ClInclude Include="pb\PlayerDb.pb.h">
      <Filter>头文件</Filter>
    </ClInclude>
    <ClInclude Include="cfg\Cfg.h">
      <Filter>头文件</Filter>
    </ClInclude>
    <ClInclude Include="json\json.h">
      <Filter>头文件</Filter>
    </ClInclude>
    <ClInclude Include="define\Define.h">
      <Filter>头文件</Filter>
    </ClInclude>
    <ClInclude Include="public\ExitThread.hpp">
      <Filter>头文件</Filter>
    </ClInclude>
    <ClInclude Include="fight\Fight.hpp">
      <Filter>头文件</Filter>
    </ClInclude>
    <ClInclude Include="fight\FightDefine.h">
      <Filter>头文件</Filter>
    </ClInclude>
  </ItemGroup>
</Project>